
Microsoft Visual Studio Solution File, Format Version 12.00
# Visual Studio 15
VisualStudioVersion = 15.0.26730.3
MinimumVisualStudioVersion = 10.0.40219.1
Project("{F184B08F-C81C-45F6-A57F-5ABD9991F28F}") = "create_fare_details", "create_fare_details\create_fare_details.vbproj", "{7649D782-8378-4499-B4F7-A850B7C28553}"
EndProject
Global
	GlobalSection(SolutionConfigurationPlatforms) = preSolution
		Debug|Any CPU = Debug|Any CPU
		Release|Any CPU = Release|Any CPU
	EndGlobalSection
	GlobalSection(ProjectConfigurationPlatforms) = postSolution
		{7649D782-8378-4499-B4F7-A850B7C28553}.Debug|Any CPU.ActiveCfg = Debug|Any CPU
		{7649D782-8378-4499-B4F7-A850B7C28553}.Debug|Any CPU.Build.0 = Debug|Any CPU
		{7649D782-8378-4499-B4F7-A850B7C28553}.Release|Any CPU.ActiveCfg = Release|Any CPU
		{7649D782-8378-4499-B4F7-A850B7C28553}.Release|Any CPU.Build.0 = Release|Any CPU
	EndGlobalSection
	GlobalSection(SolutionProperties) = preSolution
		HideSolutionNode = FALSE
	EndGlobalSection
	GlobalSection(ExtensibilityGlobals) = postSolution
		SolutionGuid = {5B7962CF-29EE-481C-990D-20FBD5D1F139}
	EndGlobalSection
EndGlobal
